
Microsoft Visual Studio Solution File, Format Version 12.00
# Visual Studio Version 17
VisualStudioVersion = 17.4.33110.190
MinimumVisualStudioVersion = 10.0.40219.1
Project("{888888A0-9F3D-457C-B088-3A5042F75D52}") = "Start_Python", "Start_Python.pyproj", "{26C56421-A19A-411F-B55E-4B2DD709E77E}"
EndProject
Global
	GlobalSection(SolutionConfigurationPlatforms) = preSolution
		Debug|Any CPU = Debug|Any CPU
		Release|Any CPU = Release|Any CPU
	EndGlobalSection
	GlobalSection(ProjectConfigurationPlatforms) = postSolution
		{26C56421-A19A-411F-B55E-4B2DD709E77E}.Debug|Any CPU.ActiveCfg = Debug|Any CPU
		{26C56421-A19A-411F-B55E-4B2DD709E77E}.Release|Any CPU.ActiveCfg = Release|Any CPU
	EndGlobalSection
	GlobalSection(SolutionProperties) = preSolution
		HideSolutionNode = FALSE
	EndGlobalSection
	GlobalSection(ExtensibilityGlobals) = postSolution
		SolutionGuid = {0874ABD2-E059-4A46-8C0B-632684A92ACB}
	EndGlobalSection
EndGlobal
